lockfileVersion: '9.0'

settings:
  autoInstallPeers: true
  excludeLinksFromLockfile: false

importers:

  .:
    dependencies:
      '@stdlib/string-format':
        specifier: 0.2.2
        version: 0.2.2
      csv-parse:
        specifier: 5.6.0
        version: 5.6.0
      nanoid:
        specifier: 5.0.9
        version: 5.0.9
    devDependencies:
      '@types/node':
        specifier: 22.10.1
        version: 22.10.1
      typescript:
        specifier: 5.7.2
        version: 5.7.2

packages:

  '@stdlib/string-base-format-interpolate@0.2.2':
    resolution: {integrity: sha512-i9nU9rAB2+o/RR66TS9iQ8x+YzeUDL1SGiAo6GY3hP6Umz5Dx9Qp/v8T69gWVsb4a1YSclz5+YeCWaFgwvPjKA==}
    engines: {node: '>=0.10.0', npm: '>2.7.0'}
    os: [aix, darwin, freebsd, linux, macos, openbsd, sunos, win32, windows]

  '@stdlib/string-base-format-tokenize@0.2.2':
    resolution: {integrity: sha512-kXq2015i+LJjqth5dN+hYnvJXBSzRm8w0ABWB5tYAsIuQTpQK+mSo2muM8JBEFEnqUHAwpUsu2qNTK/9o8lsJg==}
    engines: {node: '>=0.10.0', npm: '>2.7.0'}
    os: [aix, darwin, freebsd, linux, macos, openbsd, sunos, win32, windows]

  '@stdlib/string-format@0.2.2':
    resolution: {integrity: sha512-GUa50uxgMAtoItsxTbMmwkyhIwrCxCrsjzk3nAbLnt/1Kt1EWOWMwsALqZdD6K4V/xSJ4ns6PZur3W6w+vKk9g==}
    engines: {node: '>=0.10.0', npm: '>2.7.0'}
    os: [aix, darwin, freebsd, linux, macos, openbsd, sunos, win32, windows]

  '@types/node@22.10.1':
    resolution: {integrity: sha512-qKgsUwfHZV2WCWLAnVP1JqnpE6Im6h3Y0+fYgMTasNQ7V++CBX5OT1as0g0f+OyubbFqhf6XVNIsmN4IIhEgGQ==}

  csv-parse@5.6.0:
    resolution: {integrity: sha512-l3nz3euub2QMg5ouu5U09Ew9Wf6/wQ8I++ch1loQ0ljmzhmfZYrH9fflS22i/PQEvsPvxCwxgz5q7UB8K1JO4Q==}

  nanoid@5.0.9:
    resolution: {integrity: sha512-Aooyr6MXU6HpvvWXKoVoXwKMs/KyVakWwg7xQfv5/S/RIgJMy0Ifa45H9qqYy7pTCszrHzP21Uk4PZq2HpEM8Q==}
    engines: {node: ^18 || >=20}
    hasBin: true

  typescript@5.7.2:
    resolution: {integrity: sha512-i5t66RHxDvVN40HfDd1PsEThGNnlMCMT3jMUuoh9/0TaqWevNontacunWyN02LA9/fIbEWlcHZcgTKb9QoaLfg==}
    engines: {node: '>=14.17'}
    hasBin: true

  undici-types@6.20.0:
    resolution: {integrity: sha512-Ny6QZ2Nju20vw1SRHe3d9jVu6gJ+4e3+MMpqu7pqE5HT6WsTSlce++GQmK5UXS8mzV8DSYHrQH+Xrf2jVcuKNg==}

snapshots:

  '@stdlib/string-base-format-interpolate@0.2.2': {}

  '@stdlib/string-base-format-tokenize@0.2.2': {}

  '@stdlib/string-format@0.2.2':
    dependencies:
      '@stdlib/string-base-format-interpolate': 0.2.2
      '@stdlib/string-base-format-tokenize': 0.2.2

  '@types/node@22.10.1':
    dependencies:
      undici-types: 6.20.0

  csv-parse@5.6.0: {}

  nanoid@5.0.9: {}

  typescript@5.7.2: {}

  undici-types@6.20.0: {}
