{
  "version": "4",
  "specifiers": {
    "jsr:@std/assert@1.0.9": "1.0.9",
    "jsr:@std/internal@^1.0.5": "1.0.5",
    "npm:@stdlib/string-format@0.2.2": "0.2.2",
    "npm:nanoid@5.0.9": "5.0.9"
  },
  "jsr": {
    "@std/assert@1.0.9": {
      "integrity": "a9f0c611a869cc791b26f523eec54c7e187aab7932c2c8e8bea0622d13680dcd",
      "dependencies": [
        "jsr:@std/internal"
      ]
    },
    "@std/internal@1.0.5": {
      "integrity": "54a546004f769c1ac9e025abd15a76b6671ddc9687e2313b67376125650dc7ba"
    }
  },
  "npm": {
    "@stdlib/string-base-format-interpolate@0.2.2": {
      "integrity": "sha512-i9nU9rAB2+o/RR66TS9iQ8x+YzeUDL1SGiAo6GY3hP6Umz5Dx9Qp/v8T69gWVsb4a1YSclz5+YeCWaFgwvPjKA=="
    },
    "@stdlib/string-base-format-tokenize@0.2.2": {
      "integrity": "sha512-kXq2015i+LJjqth5dN+hYnvJXBSzRm8w0ABWB5tYAsIuQTpQK+mSo2muM8JBEFEnqUHAwpUsu2qNTK/9o8lsJg=="
    },
    "@stdlib/string-format@0.2.2": {
      "integrity": "sha512-GUa50uxgMAtoItsxTbMmwkyhIwrCxCrsjzk3nAbLnt/1Kt1EWOWMwsALqZdD6K4V/xSJ4ns6PZur3W6w+vKk9g==",
      "dependencies": [
        "@stdlib/string-base-format-interpolate",
        "@stdlib/string-base-format-tokenize"
      ]
    },
    "nanoid@5.0.9": {
      "integrity": "sha512-Aooyr6MXU6HpvvWXKoVoXwKMs/KyVakWwg7xQfv5/S/RIgJMy0Ifa45H9qqYy7pTCszrHzP21Uk4PZq2HpEM8Q=="
    }
  },
  "workspace": {
    "dependencies": [
      "jsr:@std/assert@1.0.9",
      "npm:@stdlib/string-format@0.2.2",
      "npm:nanoid@5.0.9"
    ]
  }
}
